
Microsoft Visual Studio Solution File, Format Version 12.00
# Visual Studio 15
VisualStudioVersion = 15.0.27130.2010
MinimumVisualStudioVersion = 10.0.40219.1
Project("{F184B08F-C81C-45F6-A57F-5ABD9991F28F}") = "NotYahtzee", "NotYahtzee\NotYahtzee.vbproj", "{62D328FB-DBC2-4AB0-98F6-8B792761481E}"
EndProject
Global
	GlobalSection(SolutionConfigurationPlatforms) = preSolution
		Debug|Any CPU = Debug|Any CPU
		Release|Any CPU = Release|Any CPU
	EndGlobalSection
	GlobalSection(ProjectConfigurationPlatforms) = postSolution
		{62D328FB-DBC2-4AB0-98F6-8B792761481E}.Debug|Any CPU.ActiveCfg = Debug|Any CPU
		{62D328FB-DBC2-4AB0-98F6-8B792761481E}.Debug|Any CPU.Build.0 = Debug|Any CPU
		{62D328FB-DBC2-4AB0-98F6-8B792761481E}.Release|Any CPU.ActiveCfg = Release|Any CPU
		{62D328FB-DBC2-4AB0-98F6-8B792761481E}.Release|Any CPU.Build.0 = Release|Any CPU
	EndGlobalSection
	GlobalSection(SolutionProperties) = preSolution
		HideSolutionNode = FALSE
	EndGlobalSection
	GlobalSection(ExtensibilityGlobals) = postSolution
		SolutionGuid = {8B725B7E-94CA-42A0-B18A-B2820C69E85A}
	EndGlobalSection
EndGlobal
